
Microsoft Visual Studio Solution File, Format Version 12.00
# Visual Studio Version 16
VisualStudioVersion = 16.0.29230.47
MinimumVisualStudioVersion = 10.0.40219.1
Project("{FAE04EC0-301F-11D3-BF4B-00C04F79EFBC}") = "VLibraries", "VLibraries\VLibraries.csproj", "{8963FB3C-9BCD-4612-A6E5-6CB6040F9BEF}"
EndProject
Global
	GlobalSection(SolutionConfigurationPlatforms) = preSolution
		Debug|Any CPU = Debug|Any CPU
		Release|Any CPU = Release|Any CPU
	EndGlobalSection
	GlobalSection(ProjectConfigurationPlatforms) = postSolution
		{8963FB3C-9BCD-4612-A6E5-6CB6040F9BEF}.Debug|Any CPU.ActiveCfg = Debug|Any CPU
		{8963FB3C-9BCD-4612-A6E5-6CB6040F9BEF}.Debug|Any CPU.Build.0 = Debug|Any CPU
		{8963FB3C-9BCD-4612-A6E5-6CB6040F9BEF}.Release|Any CPU.ActiveCfg = Release|Any CPU
		{8963FB3C-9BCD-4612-A6E5-6CB6040F9BEF}.Release|Any CPU.Build.0 = Release|Any CPU
	EndGlobalSection
	GlobalSection(SolutionProperties) = preSolution
		HideSolutionNode = FALSE
	EndGlobalSection
	GlobalSection(ExtensibilityGlobals) = postSolution
		SolutionGuid = {1D2CC3D0-AC4F-4D7C-A338-BB3715349DF8}
	EndGlobalSection
EndGlobal
